
Microsoft Visual Studio Solution File, Format Version 12.00
# Visual Studio Version 16
VisualStudioVersion = 16.0.29503.13
MinimumVisualStudioVersion = 15.0.26124.0
Project("{9A19103F-16F7-4668-BE54-9A1E7A4F7556}") = "AnimalRescue.API", "AnimalRescue.API\AnimalRescue.API.csproj", "{308C37A8-80F0-4035-A81C-05F5952088D8}"
EndProject
Project("{9A19103F-16F7-4668-BE54-9A1E7A4F7556}") = "AnimalRescue.Infrastructure", "AnimalRescue.Infrastructure\AnimalRescue.Infrastructure.csproj", "{4D04C06B-59E4-4634-95ED-5FEA19529B86}"
EndProject
Project("{9A19103F-16F7-4668-BE54-9A1E7A4F7556}") = "AnimalRescue.DataAccess.Mongodb", "AnimalRescue.DataAccess.Mongodb\AnimalRescue.DataAccess.Mongodb.csproj", "{3A57E6AD-D7EA-46F7-8DA4-DEC5C2FEBEBB}"
EndProject
Project("{9A19103F-16F7-4668-BE54-9A1E7A4F7556}") = "AnimalRescue.BusinessLogic", "AnimalRescue.BusinessLogic\AnimalRescue.BusinessLogic.csproj", "{836087A2-2468-4F4D-BC0A-99C06554E485}"
EndProject
Project("{9A19103F-16F7-4668-BE54-9A1E7A4F7556}") = "AnimalRescue.Contracts.Common", "AnimalRescue.Contracts.Common\AnimalRescue.Contracts.Common.csproj", "{7B6F8D0F-6238-4726-988A-D7517745ACDB}"
EndProject
Project("{9A19103F-16F7-4668-BE54-9A1E7A4F7556}") = "AnimalRescue.Contracts.BusinessLogic", "AnimalRescue.Contracts.BusinessLogic\AnimalRescue.Contracts.BusinessLogic.csproj", "{48D1E7C6-DB10-499C-AE05-BB307BB2C9A2}"
EndProject
Project("{FAE04EC0-301F-11D3-BF4B-00C04F79EFBC}") = "AnimalRescue.Tests", "AnimalRescue.Tests\AnimalRescue.Tests.csproj", "{52BFA015-A587-4347-BE4E-FCFB8007A2DB}"
EndProject
Global
	GlobalSection(SolutionConfigurationPlatforms) = preSolution
		Debug|Any CPU = Debug|Any CPU
		Debug|x64 = Debug|x64
		Debug|x86 = Debug|x86
		Release|Any CPU = Release|Any CPU
		Release|x64 = Release|x64
		Release|x86 = Release|x86
	EndGlobalSection
	GlobalSection(ProjectConfigurationPlatforms) = postSolution
		{308C37A8-80F0-4035-A81C-05F5952088D8}.Debug|Any CPU.ActiveCfg = Debug|Any CPU
		{308C37A8-80F0-4035-A81C-05F5952088D8}.Debug|Any CPU.Build.0 = Debug|Any CPU
		{308C37A8-80F0-4035-A81C-05F5952088D8}.Debug|x64.ActiveCfg = Debug|Any CPU
		{308C37A8-80F0-4035-A81C-05F5952088D8}.Debug|x64.Build.0 = Debug|Any CPU
		{308C37A8-80F0-4035-A81C-05F5952088D8}.Debug|x86.ActiveCfg = Debug|Any CPU
		{308C37A8-80F0-4035-A81C-05F5952088D8}.Debug|x86.Build.0 = Debug|Any CPU
		{308C37A8-80F0-4035-A81C-05F5952088D8}.Release|Any CPU.ActiveCfg = Release|Any CPU
		{308C37A8-80F0-4035-A81C-05F5952088D8}.Release|Any CPU.Build.0 = Release|Any CPU
		{308C37A8-80F0-4035-A81C-05F5952088D8}.Release|x64.ActiveCfg = Release|Any CPU
		{308C37A8-80F0-4035-A81C-05F5952088D8}.Release|x64.Build.0 = Release|Any CPU
		{308C37A8-80F0-4035-A81C-05F5952088D8}.Release|x86.ActiveCfg = Release|Any CPU
		{308C37A8-80F0-4035-A81C-05F5952088D8}.Release|x86.Build.0 = Release|Any CPU
		{4D04C06B-59E4-4634-95ED-5FEA19529B86}.Debug|Any CPU.ActiveCfg = Debug|Any CPU
		{4D04C06B-59E4-4634-95ED-5FEA19529B86}.Debug|Any CPU.Build.0 = Debug|Any CPU
		{4D04C06B-59E4-4634-95ED-5FEA19529B86}.Debug|x64.ActiveCfg = Debug|Any CPU
		{4D04C06B-59E4-4634-95ED-5FEA19529B86}.Debug|x64.Build.0 = Debug|Any CPU
		{4D04C06B-59E4-4634-95ED-5FEA19529B86}.Debug|x86.ActiveCfg = Debug|Any CPU
		{4D04C06B-59E4-4634-95ED-5FEA19529B86}.Debug|x86.Build.0 = Debug|Any CPU
		{4D04C06B-59E4-4634-95ED-5FEA19529B86}.Release|Any CPU.ActiveCfg = Release|Any CPU
		{4D04C06B-59E4-4634-95ED-5FEA19529B86}.Release|Any CPU.Build.0 = Release|Any CPU
		{4D04C06B-59E4-4634-95ED-5FEA19529B86}.Release|x64.ActiveCfg = Release|Any CPU
		{4D04C06B-59E4-4634-95ED-5FEA19529B86}.Release|x64.Build.0 = Release|Any CPU
		{4D04C06B-59E4-4634-95ED-5FEA19529B86}.Release|x86.ActiveCfg = Release|Any CPU
		{4D04C06B-59E4-4634-95ED-5FEA19529B86}.Release|x86.Build.0 = Release|Any CPU
		{3A57E6AD-D7EA-46F7-8DA4-DEC5C2FEBEBB}.Debug|Any CPU.ActiveCfg = Debug|Any CPU
		{3A57E6AD-D7EA-46F7-8DA4-DEC5C2FEBEBB}.Debug|Any CPU.Build.0 = Debug|Any CPU
		{3A57E6AD-D7EA-46F7-8DA4-DEC5C2FEBEBB}.Debug|x64.ActiveCfg = Debug|Any CPU
		{3A57E6AD-D7EA-46F7-8DA4-DEC5C2FEBEBB}.Debug|x64.Build.0 = Debug|Any CPU
		{3A57E6AD-D7EA-46F7-8DA4-DEC5C2FEBEBB}.Debug|x86.ActiveCfg = Debug|Any CPU
		{3A57E6AD-D7EA-46F7-8DA4-DEC5C2FEBEBB}.Debug|x86.Build.0 = Debug|Any CPU
		{3A57E6AD-D7EA-46F7-8DA4-DEC5C2FEBEBB}.Release|Any CPU.ActiveCfg = Release|Any CPU
		{3A57E6AD-D7EA-46F7-8DA4-DEC5C2FEBEBB}.Release|Any CPU.Build.0 = Release|Any CPU
		{3A57E6AD-D7EA-46F7-8DA4-DEC5C2FEBEBB}.Release|x64.ActiveCfg = Release|Any CPU
		{3A57E6AD-D7EA-46F7-8DA4-DEC5C2FEBEBB}.Release|x64.Build.0 = Release|Any CPU
		{3A57E6AD-D7EA-46F7-8DA4-DEC5C2FEBEBB}.Release|x86.ActiveCfg = Release|Any CPU
		{3A57E6AD-D7EA-46F7-8DA4-DEC5C2FEBEBB}.Release|x86.Build.0 = Release|Any CPU
		{836087A2-2468-4F4D-BC0A-99C06554E485}.Debug|Any CPU.ActiveCfg = Debug|Any CPU
		{836087A2-2468-4F4D-BC0A-99C06554E485}.Debug|Any CPU.Build.0 = Debug|Any CPU
		{836087A2-2468-4F4D-BC0A-99C06554E485}.Debug|x64.ActiveCfg = Debug|Any CPU
		{836087A2-2468-4F4D-BC0A-99C06554E485}.Debug|x64.Build.0 = Debug|Any CPU
		{836087A2-2468-4F4D-BC0A-99C06554E485}.Debug|x86.ActiveCfg = Debug|Any CPU
		{836087A2-2468-4F4D-BC0A-99C06554E485}.Debug|x86.Build.0 = Debug|Any CPU
		{836087A2-2468-4F4D-BC0A-99C06554E485}.Release|Any CPU.ActiveCfg = Release|Any CPU
		{836087A2-2468-4F4D-BC0A-99C06554E485}.Release|Any CPU.Build.0 = Release|Any CPU
		{836087A2-2468-4F4D-BC0A-99C06554E485}.Release|x64.ActiveCfg = Release|Any CPU
		{836087A2-2468-4F4D-BC0A-99C06554E485}.Release|x64.Build.0 = Release|Any CPU
		{836087A2-2468-4F4D-BC0A-99C06554E485}.Release|x86.ActiveCfg = Release|Any CPU
		{836087A2-2468-4F4D-BC0A-99C06554E485}.Release|x86.Build.0 = Release|Any CPU
		{7B6F8D0F-6238-4726-988A-D7517745ACDB}.Debug|Any CPU.ActiveCfg = Debug|Any CPU
		{7B6F8D0F-6238-4726-988A-D7517745ACDB}.Debug|Any CPU.Build.0 = Debug|Any CPU
		{7B6F8D0F-6238-4726-988A-D7517745ACDB}.Debug|x64.ActiveCfg = Debug|Any CPU
		{7B6F8D0F-6238-4726-988A-D7517745ACDB}.Debug|x64.Build.0 = Debug|Any CPU
		{7B6F8D0F-6238-4726-988A-D7517745ACDB}.Debug|x86.ActiveCfg = Debug|Any CPU
		{7B6F8D0F-6238-4726-988A-D7517745ACDB}.Debug|x86.Build.0 = Debug|Any CPU
		{7B6F8D0F-6238-4726-988A-D7517745ACDB}.Release|Any CPU.ActiveCfg = Release|Any CPU
		{7B6F8D0F-6238-4726-988A-D7517745ACDB}.Release|Any CPU.Build.0 = Release|Any CPU
		{7B6F8D0F-6238-4726-988A-D7517745ACDB}.Release|x64.ActiveCfg = Release|Any CPU
		{7B6F8D0F-6238-4726-988A-D7517745ACDB}.Release|x64.Build.0 = Release|Any CPU
		{7B6F8D0F-6238-4726-988A-D7517745ACDB}.Release|x86.ActiveCfg = Release|Any CPU
		{7B6F8D0F-6238-4726-988A-D7517745ACDB}.Release|x86.Build.0 = Release|Any CPU
		{48D1E7C6-DB10-499C-AE05-BB307BB2C9A2}.Debug|Any CPU.ActiveCfg = Debug|Any CPU
		{48D1E7C6-DB10-499C-AE05-BB307BB2C9A2}.Debug|Any CPU.Build.0 = Debug|Any CPU
		{48D1E7C6-DB10-499C-AE05-BB307BB2C9A2}.Debug|x64.ActiveCfg = Debug|Any CPU
		{48D1E7C6-DB10-499C-AE05-BB307BB2C9A2}.Debug|x64.Build.0 = Debug|Any CPU
		{48D1E7C6-DB10-499C-AE05-BB307BB2C9A2}.Debug|x86.ActiveCfg = Debug|Any CPU
		{48D1E7C6-DB10-499C-AE05-BB307BB2C9A2}.Debug|x86.Build.0 = Debug|Any CPU
		{48D1E7C6-DB10-499C-AE05-BB307BB2C9A2}.Release|Any CPU.ActiveCfg = Release|Any CPU
		{48D1E7C6-DB10-499C-AE05-BB307BB2C9A2}.Release|Any CPU.Build.0 = Release|Any CPU
		{48D1E7C6-DB10-499C-AE05-BB307BB2C9A2}.Release|x64.ActiveCfg = Release|Any CPU
		{48D1E7C6-DB10-499C-AE05-BB307BB2C9A2}.Release|x64.Build.0 = Release|Any CPU
		{48D1E7C6-DB10-499C-AE05-BB307BB2C9A2}.Release|x86.ActiveCfg = Release|Any CPU
		{48D1E7C6-DB10-499C-AE05-BB307BB2C9A2}.Release|x86.Build.0 = Release|Any CPU
		{52BFA015-A587-4347-BE4E-FCFB8007A2DB}.Debug|Any CPU.ActiveCfg = Debug|Any CPU
		{52BFA015-A587-4347-BE4E-FCFB8007A2DB}.Debug|Any CPU.Build.0 = Debug|Any CPU
		{52BFA015-A587-4347-BE4E-FCFB8007A2DB}.Debug|x64.ActiveCfg = Debug|Any CPU
		{52BFA015-A587-4347-BE4E-FCFB8007A2DB}.Debug|x64.Build.0 = Debug|Any CPU
		{52BFA015-A587-4347-BE4E-FCFB8007A2DB}.Debug|x86.ActiveCfg = Debug|Any CPU
		{52BFA015-A587-4347-BE4E-FCFB8007A2DB}.Debug|x86.Build.0 = Debug|Any CPU
		{52BFA015-A587-4347-BE4E-FCFB8007A2DB}.Release|Any CPU.ActiveCfg = Release|Any CPU
		{52BFA015-A587-4347-BE4E-FCFB8007A2DB}.Release|Any CPU.Build.0 = Release|Any CPU
		{52BFA015-A587-4347-BE4E-FCFB8007A2DB}.Release|x64.ActiveCfg = Release|Any CPU
		{52BFA015-A587-4347-BE4E-FCFB8007A2DB}.Release|x64.Build.0 = Release|Any CPU
		{52BFA015-A587-4347-BE4E-FCFB8007A2DB}.Release|x86.ActiveCfg = Release|Any CPU
		{52BFA015-A587-4347-BE4E-FCFB8007A2DB}.Release|x86.Build.0 = Release|Any CPU
	EndGlobalSection
	GlobalSection(SolutionProperties) = preSolution
		HideSolutionNode = FALSE
	EndGlobalSection
	GlobalSection(ExtensibilityGlobals) = postSolution
		SolutionGuid = {ABE52AB0-36AA-4AE7-90A3-D0E421EF5D44}
	EndGlobalSection
EndGlobal
