
Microsoft Visual Studio Solution File, Format Version 12.00
# Visual Studio Version 16
VisualStudioVersion = 16.0.810.13
MinimumVisualStudioVersion = 10.0.40219.1
Project("{FAE04EC0-301F-11D3-BF4B-00C04F79EFBC}") = "Migration.Runner", "Migration.Runner\Migration.Runner.csproj", "{4DE0A58E-F054-4E59-B7CE-807D82D0B046}"
EndProject
Project("{FAE04EC0-301F-11D3-BF4B-00C04F79EFBC}") = "AnimalRescue.DataAccess.Mongodb", "..\AnimalRescue\AnimalRescue.DataAccess.Mongodb\AnimalRescue.DataAccess.Mongodb.csproj", "{07D4F44F-5E34-479A-9E58-494313C3B1F6}"
EndProject
Project("{FAE04EC0-301F-11D3-BF4B-00C04F79EFBC}") = "AnimalRescue.Infrastructure", "..\AnimalRescue\AnimalRescue.Infrastructure\AnimalRescue.Infrastructure.csproj", "{D1CE224C-86F1-462F-80AE-3635A86F9E2E}"
EndProject
Project("{FAE04EC0-301F-11D3-BF4B-00C04F79EFBC}") = "AnimalRescue.Contracts.Common", "..\AnimalRescue\AnimalRescue.Contracts.Common\AnimalRescue.Contracts.Common.csproj", "{6F807F21-B925-45A9-AC10-E8BE4EC5DF1F}"
EndProject
Global
	GlobalSection(SolutionConfigurationPlatforms) = preSolution
		Debug|Any CPU = Debug|Any CPU
		Release|Any CPU = Release|Any CPU
	EndGlobalSection
	GlobalSection(ProjectConfigurationPlatforms) = postSolution
		{4DE0A58E-F054-4E59-B7CE-807D82D0B046}.Debug|Any CPU.ActiveCfg = Debug|Any CPU
		{4DE0A58E-F054-4E59-B7CE-807D82D0B046}.Debug|Any CPU.Build.0 = Debug|Any CPU
		{4DE0A58E-F054-4E59-B7CE-807D82D0B046}.Release|Any CPU.ActiveCfg = Release|Any CPU
		{4DE0A58E-F054-4E59-B7CE-807D82D0B046}.Release|Any CPU.Build.0 = Release|Any CPU
		{07D4F44F-5E34-479A-9E58-494313C3B1F6}.Debug|Any CPU.ActiveCfg = Debug|Any CPU
		{07D4F44F-5E34-479A-9E58-494313C3B1F6}.Debug|Any CPU.Build.0 = Debug|Any CPU
		{07D4F44F-5E34-479A-9E58-494313C3B1F6}.Release|Any CPU.ActiveCfg = Release|Any CPU
		{07D4F44F-5E34-479A-9E58-494313C3B1F6}.Release|Any CPU.Build.0 = Release|Any CPU
		{D1CE224C-86F1-462F-80AE-3635A86F9E2E}.Debug|Any CPU.ActiveCfg = Debug|Any CPU
		{D1CE224C-86F1-462F-80AE-3635A86F9E2E}.Debug|Any CPU.Build.0 = Debug|Any CPU
		{D1CE224C-86F1-462F-80AE-3635A86F9E2E}.Release|Any CPU.ActiveCfg = Release|Any CPU
		{D1CE224C-86F1-462F-80AE-3635A86F9E2E}.Release|Any CPU.Build.0 = Release|Any CPU
		{6F807F21-B925-45A9-AC10-E8BE4EC5DF1F}.Debug|Any CPU.ActiveCfg = Debug|Any CPU
		{6F807F21-B925-45A9-AC10-E8BE4EC5DF1F}.Debug|Any CPU.Build.0 = Debug|Any CPU
		{6F807F21-B925-45A9-AC10-E8BE4EC5DF1F}.Release|Any CPU.ActiveCfg = Release|Any CPU
		{6F807F21-B925-45A9-AC10-E8BE4EC5DF1F}.Release|Any CPU.Build.0 = Release|Any CPU
	EndGlobalSection
	GlobalSection(SolutionProperties) = preSolution
		HideSolutionNode = FALSE
	EndGlobalSection
	GlobalSection(ExtensibilityGlobals) = postSolution
		SolutionGuid = {462D2D3B-4F67-40C0-BD4C-ABD6D12F8D29}
	EndGlobalSection
EndGlobal
