
Microsoft Visual Studio Solution File, Format Version 12.00
# Visual Studio Version 16
VisualStudioVersion = 16.0.29926.136
MinimumVisualStudioVersion = 10.0.40219.1
Project("{9A19103F-16F7-4668-BE54-9A1E7A4F7556}") = "TelegramMessenger", "TelegramMessenger\TelegramMessenger.csproj", "{5749F215-36B7-4E1C-918D-BFBC288DFF86}"
EndProject
Project("{9A19103F-16F7-4668-BE54-9A1E7A4F7556}") = "AnimalRescue.BusinessLogic", "..\AnimalRescue\AnimalRescue.BusinessLogic\AnimalRescue.BusinessLogic.csproj", "{225443D0-7524-4976-9B3A-CE2192FF64BF}"
EndProject
Project("{9A19103F-16F7-4668-BE54-9A1E7A4F7556}") = "AnimalRescue.Contracts.BusinessLogic", "..\AnimalRescue\AnimalRescue.Contracts.BusinessLogic\AnimalRescue.Contracts.BusinessLogic.csproj", "{07791905-098F-4DA0-86E9-5646FFB3A3F9}"
EndProject
Project("{9A19103F-16F7-4668-BE54-9A1E7A4F7556}") = "AnimalRescue.Infrastructure", "..\AnimalRescue\AnimalRescue.Infrastructure\AnimalRescue.Infrastructure.csproj", "{B5BFC4FD-CAA8-4E56-8DB4-A0AFEF9A33BD}"
EndProject
Project("{FAE04EC0-301F-11D3-BF4B-00C04F79EFBC}") = "EmailSender", "EmailSender\EmailSender.csproj", "{25CF31F1-1946-4BD1-90CF-B209B47AD267}"
EndProject
Global
	GlobalSection(SolutionConfigurationPlatforms) = preSolution
		Debug|Any CPU = Debug|Any CPU
		Release|Any CPU = Release|Any CPU
	EndGlobalSection
	GlobalSection(ProjectConfigurationPlatforms) = postSolution
		{5749F215-36B7-4E1C-918D-BFBC288DFF86}.Debug|Any CPU.ActiveCfg = Debug|Any CPU
		{5749F215-36B7-4E1C-918D-BFBC288DFF86}.Debug|Any CPU.Build.0 = Debug|Any CPU
		{5749F215-36B7-4E1C-918D-BFBC288DFF86}.Release|Any CPU.ActiveCfg = Release|Any CPU
		{5749F215-36B7-4E1C-918D-BFBC288DFF86}.Release|Any CPU.Build.0 = Release|Any CPU
		{225443D0-7524-4976-9B3A-CE2192FF64BF}.Debug|Any CPU.ActiveCfg = Debug|Any CPU
		{225443D0-7524-4976-9B3A-CE2192FF64BF}.Debug|Any CPU.Build.0 = Debug|Any CPU
		{225443D0-7524-4976-9B3A-CE2192FF64BF}.Release|Any CPU.ActiveCfg = Release|Any CPU
		{225443D0-7524-4976-9B3A-CE2192FF64BF}.Release|Any CPU.Build.0 = Release|Any CPU
		{07791905-098F-4DA0-86E9-5646FFB3A3F9}.Debug|Any CPU.ActiveCfg = Debug|Any CPU
		{07791905-098F-4DA0-86E9-5646FFB3A3F9}.Debug|Any CPU.Build.0 = Debug|Any CPU
		{07791905-098F-4DA0-86E9-5646FFB3A3F9}.Release|Any CPU.ActiveCfg = Release|Any CPU
		{07791905-098F-4DA0-86E9-5646FFB3A3F9}.Release|Any CPU.Build.0 = Release|Any CPU
		{B5BFC4FD-CAA8-4E56-8DB4-A0AFEF9A33BD}.Debug|Any CPU.ActiveCfg = Debug|Any CPU
		{B5BFC4FD-CAA8-4E56-8DB4-A0AFEF9A33BD}.Debug|Any CPU.Build.0 = Debug|Any CPU
		{B5BFC4FD-CAA8-4E56-8DB4-A0AFEF9A33BD}.Release|Any CPU.ActiveCfg = Release|Any CPU
		{B5BFC4FD-CAA8-4E56-8DB4-A0AFEF9A33BD}.Release|Any CPU.Build.0 = Release|Any CPU
		{25CF31F1-1946-4BD1-90CF-B209B47AD267}.Debug|Any CPU.ActiveCfg = Debug|Any CPU
		{25CF31F1-1946-4BD1-90CF-B209B47AD267}.Debug|Any CPU.Build.0 = Debug|Any CPU
		{25CF31F1-1946-4BD1-90CF-B209B47AD267}.Release|Any CPU.ActiveCfg = Release|Any CPU
		{25CF31F1-1946-4BD1-90CF-B209B47AD267}.Release|Any CPU.Build.0 = Release|Any CPU
	EndGlobalSection
	GlobalSection(SolutionProperties) = preSolution
		HideSolutionNode = FALSE
	EndGlobalSection
	GlobalSection(ExtensibilityGlobals) = postSolution
		SolutionGuid = {5B4F993F-4B5D-4DFE-96E0-FF0A21F580EE}
	EndGlobalSection
EndGlobal
